// !$*UTF8*$!
{
	archiveVersion = 1;
	classes = {
	};
	objectVersion = 48;
	objects = {

/* Begin PBXBuildFile section */
		100F7B351F4A59C8004DB087 /* DetailViewController.swift in Sources */ = {isa = PBXBuildFile; fileRef = 100F7B341F4A59C8004DB087 /* DetailViewController.swift */; };
		101CCC101F418BE60053500D /* AppDelegate.swift in Sources */ = {isa = PBXBuildFile; fileRef = 101CCC0F1F418BE60053500D /* AppDelegate.swift */; };
		101CCC151F418BE60053500D /* Main.storyboard in Resources */ = {isa = PBXBuildFile; fileRef = 101CCC131F418BE60053500D /* Main.storyboard */; };
		101CCC181F418BE60053500D /* FetchResultController.xcdatamodeld in Sources */ = {isa = PBXBuildFile; fileRef = 101CCC161F418BE60053500D /* FetchResultController.xcdatamodeld */; };
		101CCC1A1F418BE60053500D /* Assets.xcassets in Resources */ = {isa = PBXBuildFile; fileRef = 101CCC191F418BE60053500D /* Assets.xcassets */; };
		101CCC1D1F418BE60053500D /* LaunchScreen.storyboard in Resources */ = {isa = PBXBuildFile; fileRef = 101CCC1B1F418BE60053500D /* LaunchScreen.storyboard */; };
		101CCC251F418FFA0053500D /* MasterController.swift in Sources */ = {isa = PBXBuildFile; fileRef = 101CCC241F418FFA0053500D /* MasterController.swift */; };
/* End PBXBuildFile section */

/* Begin PBXFileReference section */
		100F7B341F4A59C8004DB087 /* DetailViewController.swift */ = {isa = PBXFileReference; lastKnownFileType = sourcecode.swift; path = DetailViewController.swift; sourceTree = "<group>"; };
		101CCC0C1F418BE60053500D /* FetchResultController.app */ = {isa = PBXFileReference; explicitFileType = wrapper.application; includeInIndex = 0; path = FetchResultController.app; sourceTree = BUILT_PRODUCTS_DIR; };
		101CCC0F1F418BE60053500D /* AppDelegate.swift */ = {isa = PBXFileReference; lastKnownFileType = sourcecode.swift; path = AppDelegate.swift; sourceTree = "<group>"; };
		101CCC141F418BE60053500D /* Base */ = {isa = PBXFileReference; lastKnownFileType = file.storyboard; name = Base; path = Base.lproj/Main.storyboard; sourceTree = "<group>"; };
		101CCC171F418BE60053500D /* FetchResultController.xcdatamodel */ = {isa = PBXFileReference; lastKnownFileType = wrapper.xcdatamodel; path = FetchResultController.xcdatamodel; sourceTree = "<group>"; };
		101CCC191F418BE60053500D /* Assets.xcassets */ = {isa = PBXFileReference; lastKnownFileType = folder.assetcatalog; path = Assets.xcassets; sourceTree = "<group>"; };
		101CCC1C1F418BE60053500D /* Base */ = {isa = PBXFileReference; lastKnownFileType = file.storyboard; name = Base; path = Base.lproj/LaunchScreen.storyboard; sourceTree = "<group>"; };
		101CCC1E1F418BE60053500D /* Info.plist */ = {isa = PBXFileReference; lastKnownFileType = text.plist.xml; path = Info.plist; sourceTree = "<group>"; };
		101CCC241F418FFA0053500D /* MasterController.swift */ = {isa = PBXFileReference; lastKnownFileType = sourcecode.swift; path = MasterController.swift; sourceTree = "<group>"; };
/* End PBXFileReference section */

/* Begin PBXFrameworksBuildPhase section */
		101CCC091F418BE60053500D /* Frameworks */ = {
			isa = PBXFrameworksBuildPhase;
			buildActionMask = 2147483647;
			files = (
			);
			runOnlyForDeploymentPostprocessing = 0;
		};
/* End PBXFrameworksBuildPhase section */

/* Begin PBXGroup section */
		101CCC031F418BE60053500D = {
			isa = PBXGroup;
			children = (
				101CCC0E1F418BE60053500D /* FetchResultController */,
				101CCC0D1F418BE60053500D /* Products */,
			);
			sourceTree = "<group>";
		};
		101CCC0D1F418BE60053500D /* Products */ = {
			isa = PBXGroup;
			children = (
				101CCC0C1F418BE60053500D /* FetchResultController.app */,
			);
			name = Products;
			sourceTree = "<group>";
		};
		101CCC0E1F418BE60053500D /* FetchResultController */ = {
			isa = PBXGroup;
			children = (
				101CCC0F1F418BE60053500D /* AppDelegate.swift */,
				101CCC241F418FFA0053500D /* MasterController.swift */,
				100F7B341F4A59C8004DB087 /* DetailViewController.swift */,
				101CCC131F418BE60053500D /* Main.storyboard */,
				101CCC191F418BE60053500D /* Assets.xcassets */,
				101CCC1B1F418BE60053500D /* LaunchScreen.storyboard */,
				101CCC1E1F418BE60053500D /* Info.plist */,
				101CCC161F418BE60053500D /* FetchResultController.xcdatamodeld */,
			);
			path = FetchResultController;
			sourceTree = "<group>";
		};
/* End PBXGroup section */

/* Begin PBXNativeTarget section */
		101CCC0B1F418BE60053500D /* FetchResultController */ = {
			isa = PBXNativeTarget;
			buildConfigurationList = 101CCC211F418BE60053500D /* Build configuration list for PBXNativeTarget "FetchResultController" */;
			buildPhases = (
				101CCC081F418BE60053500D /* Sources */,
				101CCC091F418BE60053500D /* Frameworks */,
				101CCC0A1F418BE60053500D /* Resources */,
			);
			buildRules = (
			);
			dependencies = (
			);
			name = FetchResultController;
			productName = FetchResultController;
			productReference = 101CCC0C1F418BE60053500D /* FetchResultController.app */;
			productType = "com.apple.product-type.application";
		};
/* End PBXNativeTarget section */

/* Begin PBXProject section */
		101CCC041F418BE60053500D /* Project object */ = {
			isa = PBXProject;
			attributes = {
				LastSwiftUpdateCheck = 0900;
				LastUpgradeCheck = 0900;
				ORGANIZATIONNAME = "Chung Sama";
				TargetAttributes = {
					101CCC0B1F418BE60053500D = {
						CreatedOnToolsVersion = 9.0;
					};
				};
			};
			buildConfigurationList = 101CCC071F418BE60053500D /* Build configuration list for PBXProject "FetchResultController" */;
			compatibilityVersion = "Xcode 8.0";
			developmentRegion = en;
			hasScannedForEncodings = 0;
			knownRegions = (
				en,
				Base,
			);
			mainGroup = 101CCC031F418BE60053500D;
			productRefGroup = 101CCC0D1F418BE60053500D /* Products */;
			projectDirPath = "";
			projectRoot = "";
			targets = (
				101CCC0B1F418BE60053500D /* FetchResultController */,
			);
		};
/* End PBXProject section */

/* Begin PBXResourcesBuildPhase section */
		101CCC0A1F418BE60053500D /* Resources */ = {
			isa = PBXResourcesBuildPhase;
			buildActionMask = 2147483647;
			files = (
				101CCC1D1F418BE60053500D /* LaunchScreen.storyboard in Resources */,
				101CCC1A1F418BE60053500D /* Assets.xcassets in Resources */,
				101CCC151F418BE60053500D /* Main.storyboard in Resources */,
			);
			runOnlyForDeploymentPostprocessing = 0;
		};
/* End PBXResourcesBuildPhase section */

/* Begin PBXSourcesBuildPhase section */
		101CCC081F418BE60053500D /* Sources */ = {
			isa = PBXSourcesBuildPhase;
			buildActionMask = 2147483647;
			files = (
				101CCC181F418BE60053500D /* FetchResultController.xcdatamodeld in Sources */,
				101CCC251F418FFA0053500D /* MasterController.swift in Sources */,
				100F7B351F4A59C8004DB087 /* DetailViewController.swift in Sources */,
				101CCC101F418BE60053500D /* AppDelegate.swift in Sources */,
			);
			runOnlyForDeploymentPostprocessing = 0;
		};
/* End PBXSourcesBuildPhase section */

/* Begin PBXVariantGroup section */
		101CCC131F418BE60053500D /* Main.storyboard */ = {
			isa = PBXVariantGroup;
			children = (
				101CCC141F418BE60053500D /* Base */,
			);
			name = Main.storyboard;
			sourceTree = "<group>";
		};
		101CCC1B1F418BE60053500D /* LaunchScreen.storyboard */ = {
			isa = PBXVariantGroup;
			children = (
				101CCC1C1F418BE60053500D /* Base */,
			);
			name = LaunchScreen.storyboard;
			sourceTree = "<group>";
		};
/* End PBXVariantGroup section */

/* Begin XCBuildConfiguration section */
		101CCC1F1F418BE60053500D /* Debug */ = {
			isa = XCBuildConfiguration;
			buildSettings = {
				ALWAYS_SEARCH_USER_PATHS = NO;
				CLANG_ANALYZER_NONNULL = YES;
				CLANG_ANALYZER_NUMBER_OBJECT_CONVERSION = YES_AGGRESSIVE;
				CLANG_CXX_LANGUAGE_STANDARD = "gnu++14";
				CLANG_CXX_LIBRARY = "libc++";
				CLANG_ENABLE_MODULES = YES;
				CLANG_ENABLE_OBJC_ARC = YES;
				CLANG_WARN_BLOCK_CAPTURE_AUTORELEASING = YES;
				CLANG_WARN_BOOL_CONVERSION = YES;
				CLANG_WARN_COMMA = YES;
				CLANG_WARN_CONSTANT_CONVERSION = YES;
				CLANG_WARN_DIRECT_OBJC_ISA_USAGE = YES_ERROR;
				CLANG_WARN_DOCUMENTATION_COMMENTS = YES;
				CLANG_WARN_EMPTY_BODY = YES;
				CLANG_WARN_ENUM_CONVERSION = YES;
				CLANG_WARN_INFINITE_RECURSION = YES;
				CLANG_WARN_INT_CONVERSION = YES;
				CLANG_WARN_NON_LITERAL_NULL_CONVERSION = YES;
				CLANG_WARN_OBJC_LITERAL_CONVERSION = YES;
				CLANG_WARN_OBJC_ROOT_CLASS = YES_ERROR;
				CLANG_WARN_RANGE_LOOP_ANALYSIS = YES;
				CLANG_WARN_STRICT_PROTOTYPES = YES;
				CLANG_WARN_SUSPICIOUS_MOVE = YES;
				CLANG_WARN_UNGUARDED_AVAILABILITY = YES_AGGRESSIVE;
				CLANG_WARN_UNREACHABLE_CODE = YES;
				CLANG_WARN__DUPLICATE_METHOD_MATCH = YES;
				CODE_SIGN_IDENTITY = "iPhone Developer";
				COPY_PHASE_STRIP = NO;
				DEBUG_INFORMATION_FORMAT = dwarf;
				ENABLE_STRICT_OBJC_MSGSEND = YES;
				ENABLE_TESTABILITY = YES;
				GCC_C_LANGUAGE_STANDARD = gnu11;
				GCC_DYNAMIC_NO_PIC = NO;
				GCC_NO_COMMON_BLOCKS = YES;
				GCC_OPTIMIZATION_LEVEL = 0;
				GCC_PREPROCESSOR_DEFINITIONS = (
					"DEBUG=1",
					"$(inherited)",
				);
				GCC_WARN_64_TO_32_BIT_CONVERSION = YES;
				GCC_WARN_ABOUT_RETURN_TYPE = YES_ERROR;
				GCC_WARN_UNDECLARED_SELECTOR = YES;
				GCC_WARN_UNINITIALIZED_AUTOS = YES_AGGRESSIVE;
				GCC_WARN_UNUSED_FUNCTION = YES;
				GCC_WARN_UNUSED_VARIABLE = YES;
				IPHONEOS_DEPLOYMENT_TARGET = 11.0;
				MTL_ENABLE_DEBUG_INFO = YES;
				ONLY_ACTIVE_ARCH = YES;
				SDKROOT = iphoneos;
				SWIFT_ACTIVE_COMPILATION_CONDITIONS = DEBUG;
				SWIFT_OPTIMIZATION_LEVEL = "-Onone";
			};
			name = Debug;
		};
		101CCC201F418BE60053500D /* Release */ = {
			isa = XCBuildConfiguration;
			buildSettings = {
				ALWAYS_SEARCH_USER_PATHS = NO;
				CLANG_ANALYZER_NONNULL = YES;
				CLANG_ANALYZER_NUMBER_OBJECT_CONVERSION = YES_AGGRESSIVE;
				CLANG_CXX_LANGUAGE_STANDARD = "gnu++14";
				CLANG_CXX_LIBRARY = "libc++";
				CLANG_ENABLE_MODULES = YES;
				CLANG_ENABLE_OBJC_ARC = YES;
				CLANG_WARN_BLOCK_CAPTURE_AUTORELEASING = YES;
				CLANG_WARN_BOOL_CONVERSION = YES;
				CLANG_WARN_COMMA = YES;
				CLANG_WARN_CONSTANT_CONVERSION = YES;
				CLANG_WARN_DIRECT_OBJC_ISA_USAGE = YES_ERROR;
				CLANG_WARN_DOCUMENTATION_COMMENTS = YES;
				CLANG_WARN_EMPTY_BODY = YES;
				CLANG_WARN_ENUM_CONVERSION = YES;
				CLANG_WARN_INFINITE_RECURSION = YES;
				CLANG_WARN_INT_CONVERSION = YES;
				CLANG_WARN_NON_LITERAL_NULL_CONVERSION = YES;
				CLANG_WARN_OBJC_LITERAL_CONVERSION = YES;
				CLANG_WARN_OBJC_ROOT_CLASS = YES_ERROR;
				CLANG_WARN_RANGE_LOOP_ANALYSIS = YES;
				CLANG_WARN_STRICT_PROTOTYPES = YES;
				CLANG_WARN_SUSPICIOUS_MOVE = YES;
				CLANG_WARN_UNGUARDED_AVAILABILITY = YES_AGGRESSIVE;
				CLANG_WARN_UNREACHABLE_CODE = YES;
				CLANG_WARN__DUPLICATE_METHOD_MATCH = YES;
				CODE_SIGN_IDENTITY = "iPhone Developer";
				COPY_PHASE_STRIP = NO;
				DEBUG_INFORMATION_FORMAT = "dwarf-with-dsym";
				ENABLE_NS_ASSERTIONS = NO;
				ENABLE_STRICT_OBJC_MSGSEND = YES;
				GCC_C_LANGUAGE_STANDARD = gnu11;
				GCC_NO_COMMON_BLOCKS = YES;
				GCC_WARN_64_TO_32_BIT_CONVERSION = YES;
				GCC_WARN_ABOUT_RETURN_TYPE = YES_ERROR;
				GCC_WARN_UNDECLARED_SELECTOR = YES;
				GCC_WARN_UNINITIALIZED_AUTOS = YES_AGGRESSIVE;
				GCC_WARN_UNUSED_FUNCTION = YES;
				GCC_WARN_UNUSED_VARIABLE = YES;
				IPHONEOS_DEPLOYMENT_TARGET = 11.0;
				MTL_ENABLE_DEBUG_INFO = NO;
				SDKROOT = iphoneos;
				SWIFT_OPTIMIZATION_LEVEL = "-Owholemodule";
				VALIDATE_PRODUCT = YES;
			};
			name = Release;
		};
		101CCC221F418BE60053500D /* Debug */ = {
			isa = XCBuildConfiguration;
			buildSettings = {
				ASSETCATALOG_COMPILER_APPICON_NAME = AppIcon;
				INFOPLIST_FILE = FetchResultController/Info.plist;
				LD_RUNPATH_SEARCH_PATHS = "$(inherited) @executable_path/Frameworks";
				PRODUCT_BUNDLE_IDENTIFIER = ChungSama.FetchResultController;
				PRODUCT_NAME = "$(TARGET_NAME)";
				SWIFT_VERSION = 4.0;
				TARGETED_DEVICE_FAMILY = 1;
			};
			name = Debug;
		};
		101CCC231F418BE60053500D /* Release */ = {
			isa = XCBuildConfiguration;
			buildSettings = {
				ASSETCATALOG_COMPILER_APPICON_NAME = AppIcon;
				INFOPLIST_FILE = FetchResultController/Info.plist;
				LD_RUNPATH_SEARCH_PATHS = "$(inherited) @executable_path/Frameworks";
				PRODUCT_BUNDLE_IDENTIFIER = ChungSama.FetchResultController;
				PRODUCT_NAME = "$(TARGET_NAME)";
				SWIFT_VERSION = 4.0;
				TARGETED_DEVICE_FAMILY = 1;
			};
			name = Release;
		};
/* End XCBuildConfiguration section */

/* Begin XCConfigurationList section */
		101CCC071F418BE60053500D /* Build configuration list for PBXProject "FetchResultController" */ = {
			isa = XCConfigurationList;
			buildConfigurations = (
				101CCC1F1F418BE60053500D /* Debug */,
				101CCC201F418BE60053500D /* Release */,
			);
			defaultConfigurationIsVisible = 0;
			defaultConfigurationName = Release;
		};
		101CCC211F418BE60053500D /* Build configuration list for PBXNativeTarget "FetchResultController" */ = {
			isa = XCConfigurationList;
			buildConfigurations = (
				101CCC221F418BE60053500D /* Debug */,
				101CCC231F418BE60053500D /* Release */,
			);
			defaultConfigurationIsVisible = 0;
			defaultConfigurationName = Release;
		};
/* End XCConfigurationList section */

/* Begin XCVersionGroup section */
		101CCC161F418BE60053500D /* FetchResultController.xcdatamodeld */ = {
			isa = XCVersionGroup;
			children = (
				101CCC171F418BE60053500D /* FetchResultController.xcdatamodel */,
			);
			currentVersion = 101CCC171F418BE60053500D /* FetchResultController.xcdatamodel */;
			path = FetchResultController.xcdatamodeld;
			sourceTree = "<group>";
			versionGroupType = wrapper.xcdatamodel;
		};
/* End XCVersionGroup section */
	};
	rootObject = 101CCC041F418BE60053500D /* Project object */;
}
